
Microsoft Visual Studio Solution File, Format Version 12.00
# Visual Studio Version 16
VisualStudioVersion = 16.0.31702.278
MinimumVisualStudioVersion = 10.0.40219.1
Project("{FAE04EC0-301F-11D3-BF4B-00C04F79EFBC}") = "MatrixTrp", "MatrixTrp\MatrixTrp.csproj", "{929E4234-BFBB-4A7A-BCE9-0F07A1AAFACD}"
EndProject
Global
	GlobalSection(SolutionConfigurationPlatforms) = preSolution
		Debug|Any CPU = Debug|Any CPU
		Release|Any CPU = Release|Any CPU
	EndGlobalSection
	GlobalSection(ProjectConfigurationPlatforms) = postSolution
		{929E4234-BFBB-4A7A-BCE9-0F07A1AAFACD}.Debug|Any CPU.ActiveCfg = Debug|Any CPU
		{929E4234-BFBB-4A7A-BCE9-0F07A1AAFACD}.Debug|Any CPU.Build.0 = Debug|Any CPU
		{929E4234-BFBB-4A7A-BCE9-0F07A1AAFACD}.Release|Any CPU.ActiveCfg = Release|Any CPU
		{929E4234-BFBB-4A7A-BCE9-0F07A1AAFACD}.Release|Any CPU.Build.0 = Release|Any CPU
	EndGlobalSection
	GlobalSection(SolutionProperties) = preSolution
		HideSolutionNode = FALSE
	EndGlobalSection
	GlobalSection(ExtensibilityGlobals) = postSolution
		SolutionGuid = {DA0DE479-B12D-45A2-A58D-221E3D00130A}
	EndGlobalSection
EndGlobal
